# This file is automatically @generated by Cargo.
# It is not intended for manual editing.
version = 4

[[package]]
name = "convert_case"
version = "0.4.0"
source = "registry+https://github.com/rust-lang/crates.io-index"
checksum = "6245d59a3e82a7fc217c5828a6692dbc6dfb63a0c8c90495621f7b9d79704a0e"

[[package]]
name = "proc-macro2"
version = "1.0.106"
source = "registry+https://github.com/rust-lang/crates.io-index"
checksum = "8fd00f0bb2e90d81d1044c2b32617f68fcb9fa3bb7640c23e9c748e53fb30934"
dependencies = [
 "unicode-ident",
]

[[package]]
name = "quote"
version = "1.0.45"
source = "registry+https://github.com/rust-lang/crates.io-index"
checksum = "41f2619966050689382d2b44f664f4bc593e129785a36d6ee376ddf37259b924"
dependencies = [
 "proc-macro2",
]

[[package]]
name = "syn"
version = "2.0.118"
source = "registry+https://github.com/rust-lang/crates.io-index"
checksum = "1b9ae57f904213ebb649ce6895b8a66c66f0203b9319718f69a5612a065b1422"
dependencies = [
 "proc-macro2",
 "quote",
 "unicode-ident",
]

[[package]]
name = "synstructure"
version = "0.13.2"
source = "registry+https://github.com/rust-lang/crates.io-index"
checksum = "728a70f3dbaf5bab7f0c4b1ac8d7ae5ea60a4b5549c8a5914361c99147a709d2"
dependencies = [
 "proc-macro2",
 "quote",
 "syn",
]

[[package]]
name = "unicode-ident"
version = "1.0.24"
source = "registry+https://github.com/rust-lang/crates.io-index"
checksum = "e6e4313cd5fcd3dad5cafa179702e2b244f760991f45397d14d4ebf38247da75"

[[package]]
name = "verus_builtin_macros"
version = "0.0.0-2026-08-09-0044"
dependencies = [
 "convert_case",
 "proc-macro2",
 "quote",
 "syn",
 "synstructure",
 "verus_spec_check_engine",
 "verus_prettyplease",
 "verus_syn",
]

[[package]]
name = "verus_spec_check_assert"
version = "0.0.0-2026-08-09-0044"
dependencies = [
 "proc-macro2",
 "quote",
 "verus_syn",
]

[[package]]
name = "verus_spec_check_attr"
version = "0.0.0-2026-08-09-0044"
dependencies = [
 "proc-macro2",
 "quote",
 "verus_spec_check_assert",
 "verus_spec_check_exec_spec",
 "verus_spec_check_external_provide",
 "verus_spec_check_syntax",
 "verus_syn",
]

[[package]]
name = "verus_spec_check_engine"
version = "0.0.0-2026-08-09-0044"
dependencies = [
 "proc-macro2",
 "quote",
 "verus_spec_check_attr",
 "verus_spec_check_exec_spec",
 "verus_spec_check_expand",
 "verus_spec_check_syntax",
 "verus_syn",
]

[[package]]
name = "verus_spec_check_exec_spec"
version = "0.0.0-2026-08-09-0044"
dependencies = [
 "proc-macro2",
 "quote",
 "verus_spec_check_syntax",
 "verus_syn",
]

[[package]]
name = "verus_spec_check_expand"
version = "0.0.0-2026-08-09-0044"
dependencies = [
 "proc-macro2",
 "quote",
 "verus_spec_check_assert",
 "verus_spec_check_attr",
 "verus_spec_check_exec_spec",
 "verus_spec_check_external_provide",
 "verus_spec_check_instrument",
 "verus_spec_check_mutator",
 "verus_spec_check_syntax",
 "verus_syn",
]

[[package]]
name = "verus_spec_check_external_provide"
version = "0.0.0-2026-08-09-0044"
dependencies = [
 "proc-macro2",
 "quote",
 "verus_spec_check_exec_spec",
 "verus_syn",
]

[[package]]
name = "verus_spec_check_instrument"
version = "0.0.0-2026-08-09-0044"
dependencies = [
 "proc-macro2",
 "quote",
 "verus_syn",
]

[[package]]
name = "verus_spec_check_mutator"
version = "0.0.0-2026-08-09-0044"
dependencies = [
 "proc-macro2",
 "quote",
 "verus_syn",
]

[[package]]
name = "verus_spec_check_syntax"
version = "0.0.0-2026-08-09-0044"
dependencies = [
 "proc-macro2",
 "quote",
]

[[package]]
name = "verus_prettyplease"
version = "0.0.0-2026-08-09-0044"
source = "registry+https://github.com/rust-lang/crates.io-index"
checksum = "51fc115de5fb3806bc362060bb683024660ed2bc13c1183d1f01d464e4537139"
dependencies = [
 "proc-macro2",
 "verus_syn",
]

[[package]]
name = "verus_syn"
version = "0.0.0-2026-08-02-0125"
source = "registry+https://github.com/rust-lang/crates.io-index"
checksum = "f17237ea6d267e457d53ce36f55b315fc9edd26eb88c765dd95e035c0b415869"
dependencies = [
 "proc-macro2",
 "quote",
 "unicode-ident",
]
